
Microsoft Visual Studio Solution File, Format Version 12.00
# Visual Studio Version 16
VisualStudioVersion = 16.0.31624.102
MinimumVisualStudioVersion = 10.0.40219.1
Project("{FAE04EC0-301F-11D3-BF4B-00C04F79EFBC}") = "VisionProject", "VisionProject\VisionProject.csproj", "{F6C73EB2-89BB-48FB-B9AC-F6EB1157CE87}"
EndProject
Project("{FAE04EC0-301F-11D3-BF4B-00C04F79EFBC}") = "BingLibrary.Vision", "BingVision\BingLibrary.Vision.csproj", "{C4F5C5DE-7EA8-47FE-8218-48138F48965F}"
EndProject
Global
	GlobalSection(SolutionConfigurationPlatforms) = preSolution
		Debug|Any CPU = Debug|Any CPU
		Release|Any CPU = Release|Any CPU
	EndGlobalSection
	GlobalSection(ProjectConfigurationPlatforms) = postSolution
		{F6C73EB2-89BB-48FB-B9AC-F6EB1157CE87}.Debug|Any CPU.ActiveCfg = Debug|Any CPU
		{F6C73EB2-89BB-48FB-B9AC-F6EB1157CE87}.Debug|Any CPU.Build.0 = Debug|Any CPU
		{F6C73EB2-89BB-48FB-B9AC-F6EB1157CE87}.Release|Any CPU.ActiveCfg = Release|Any CPU
		{F6C73EB2-89BB-48FB-B9AC-F6EB1157CE87}.Release|Any CPU.Build.0 = Release|Any CPU
		{C4F5C5DE-7EA8-47FE-8218-48138F48965F}.Debug|Any CPU.ActiveCfg = Debug|Any CPU
		{C4F5C5DE-7EA8-47FE-8218-48138F48965F}.Debug|Any CPU.Build.0 = Debug|Any CPU
		{C4F5C5DE-7EA8-47FE-8218-48138F48965F}.Release|Any CPU.ActiveCfg = Release|Any CPU
		{C4F5C5DE-7EA8-47FE-8218-48138F48965F}.Release|Any CPU.Build.0 = Release|Any CPU
	EndGlobalSection
	GlobalSection(SolutionProperties) = preSolution
		HideSolutionNode = FALSE
	EndGlobalSection
	GlobalSection(ExtensibilityGlobals) = postSolution
		SolutionGuid = {B50928EB-7547-4643-8D72-54AF5000296E}
	EndGlobalSection
EndGlobal
